
Microsoft Visual Studio Solution File, Format Version 12.00
# Visual Studio Version 16
VisualStudioVersion = 16.0.29306.81
MinimumVisualStudioVersion = 10.0.40219.1
Project("{FAE04EC0-301F-11D3-BF4B-00C04F79EFBC}") = "MvcMovie", "MvcMovie.csproj", "{B8761D7F-7838-4946-8579-C0F8B4A1F6FC}"
EndProject
Global
	GlobalSection(SolutionConfigurationPlatforms) = preSolution
		Debug|Any CPU = Debug|Any CPU
		Release|Any CPU = Release|Any CPU
	EndGlobalSection
	GlobalSection(ProjectConfigurationPlatforms) = postSolution
		{B8761D7F-7838-4946-8579-C0F8B4A1F6FC}.Debug|Any CPU.ActiveCfg = Debug|Any CPU
		{B8761D7F-7838-4946-8579-C0F8B4A1F6FC}.Debug|Any CPU.Build.0 = Debug|Any CPU
		{B8761D7F-7838-4946-8579-C0F8B4A1F6FC}.Release|Any CPU.ActiveCfg = Release|Any CPU
		{B8761D7F-7838-4946-8579-C0F8B4A1F6FC}.Release|Any CPU.Build.0 = Release|Any CPU
	EndGlobalSection
	GlobalSection(SolutionProperties) = preSolution
		HideSolutionNode = FALSE
	EndGlobalSection
	GlobalSection(ExtensibilityGlobals) = postSolution
		SolutionGuid = {D963A330-11D5-4C7A-9AE4-8B50F32BDC44}
	EndGlobalSection
EndGlobal
